
Microsoft Visual Studio Solution File, Format Version 12.00
# Visual Studio Version 17
VisualStudioVersion = 17.12.35514.174
MinimumVisualStudioVersion = 10.0.40219.1
Project("{FAE04EC0-301F-11D3-BF4B-00C04F79EFBC}") = "Pronia", "Pronio\Pronia.csproj", "{78470C73-1A94-409C-A4FB-7EABE5CCC555}"
EndProject
Global
	GlobalSection(SolutionConfigurationPlatforms) = preSolution
		Debug|Any CPU = Debug|Any CPU
		Release|Any CPU = Release|Any CPU
	EndGlobalSection
	GlobalSection(ProjectConfigurationPlatforms) = postSolution
		{78470C73-1A94-409C-A4FB-7EABE5CCC555}.Debug|Any CPU.ActiveCfg = Debug|Any CPU
		{78470C73-1A94-409C-A4FB-7EABE5CCC555}.Debug|Any CPU.Build.0 = Debug|Any CPU
		{78470C73-1A94-409C-A4FB-7EABE5CCC555}.Release|Any CPU.ActiveCfg = Release|Any CPU
		{78470C73-1A94-409C-A4FB-7EABE5CCC555}.Release|Any CPU.Build.0 = Release|Any CPU
	EndGlobalSection
	GlobalSection(SolutionProperties) = preSolution
		HideSolutionNode = FALSE
	EndGlobalSection
EndGlobal
